// !$*UTF8*$!
{
	archiveVersion = 1;
	classes = {
	};
	objectVersion = 46;
	objects = {

/* Begin PBXBuildFile section */
		7DA68F371C196D610007003E /* main.m in Sources */ = {isa = PBXBuildFile; fileRef = 7DA68F361C196D610007003E /* main.m */; };
		7DA68F3A1C196D610007003E /* AppDelegate.m in Sources */ = {isa = PBXBuildFile; fileRef = 7DA68F391C196D610007003E /* AppDelegate.m */; };
		7DA68F3D1C196D610007003E /* ViewController.m in Sources */ = {isa = PBXBuildFile; fileRef = 7DA68F3C1C196D610007003E /* ViewController.m */; };
		7DA68F401C196D610007003E /* Main.storyboard in Resources */ = {isa = PBXBuildFile; fileRef = 7DA68F3E1C196D610007003E /* Main.storyboard */; };
		7DA68F421C196D610007003E /* Assets.xcassets in Resources */ = {isa = PBXBuildFile; fileRef = 7DA68F411C196D610007003E /* Assets.xcassets */; };
		7DA68F451C196D610007003E /* LaunchScreen.storyboard in Resources */ = {isa = PBXBuildFile; fileRef = 7DA68F431C196D610007003E /* LaunchScreen.storyboard */; };
		7DA68F501C196D610007003E /* ObjCDevelopmentTests.m in Sources */ = {isa = PBXBuildFile; fileRef = 7DA68F4F1C196D610007003E /* ObjCDevelopmentTests.m */; };
		7DA68F5B1C196D610007003E /* ObjCDevelopmentUITests.m in Sources */ = {isa = PBXBuildFile; fileRef = 7DA68F5A1C196D610007003E /* ObjCDevelopmentUITests.m */; };
/* End PBXBuildFile section */

/* Begin PBXContainerItemProxy section */
		7DA68F4C1C196D610007003E /* PBXContainerItemProxy */ = {
			isa = PBXContainerItemProxy;
			containerPortal = 7DA68F2A1C196D610007003E /* Project object */;
			proxyType = 1;
			remoteGlobalIDString = 7DA68F311C196D610007003E;
			remoteInfo = ObjCDevelopment;
		};
		7DA68F571C196D610007003E /* PBXContainerItemProxy */ = {
			isa = PBXContainerItemProxy;
			containerPortal = 7DA68F2A1C196D610007003E /* Project object */;
			proxyType = 1;
			remoteGlobalIDString = 7DA68F311C196D610007003E;
			remoteInfo = ObjCDevelopment;
		};
/* End PBXContainerItemProxy section */

/* Begin PBXFileReference section */
		7DA68F321C196D610007003E /* ObjCDevelopment.app */ = {isa = PBXFileReference; explicitFileType = wrapper.application; includeInIndex = 0; path = ObjCDevelopment.app; sourceTree = BUILT_PRODUCTS_DIR; };
		7DA68F361C196D610007003E /* main.m */ = {isa = PBXFileReference; lastKnownFileType = sourcecode.c.objc; path = main.m; sourceTree = "<group>"; };
		7DA68F381C196D610007003E /* AppDelegate.h */ = {isa = PBXFileReference; lastKnownFileType = sourcecode.c.h; path = AppDelegate.h; sourceTree = "<group>"; };
		7DA68F391C196D610007003E /* AppDelegate.m */ = {isa = PBXFileReference; lastKnownFileType = sourcecode.c.objc; path = AppDelegate.m; sourceTree = "<group>"; };
		7DA68F3B1C196D610007003E /* ViewController.h */ = {isa = PBXFileReference; lastKnownFileType = sourcecode.c.h; path = ViewController.h; sourceTree = "<group>"; };
		7DA68F3C1C196D610007003E /* ViewController.m */ = {isa = PBXFileReference; lastKnownFileType = sourcecode.c.objc; path = ViewController.m; sourceTree = "<group>"; };
		7DA68F3F1C196D610007003E /* Base */ = {isa = PBXFileReference; lastKnownFileType = file.storyboard; name = Base; path = Base.lproj/Main.storyboard; sourceTree = "<group>"; };
		7DA68F411C196D610007003E /* Assets.xcassets */ = {isa = PBXFileReference; lastKnownFileType = folder.assetcatalog; path = Assets.xcassets; sourceTree = "<group>"; };
		7DA68F441C196D610007003E /* Base */ = {isa = PBXFileReference; lastKnownFileType = file.storyboard; name = Base; path = Base.lproj/LaunchScreen.storyboard; sourceTree = "<group>"; };
		7DA68F461C196D610007003E /* Info.plist */ = {isa = PBXFileReference; lastKnownFileType = text.plist.xml; path = Info.plist; sourceTree = "<group>"; };
		7DA68F4B1C196D610007003E /* ObjCDevelopmentTests.xctest */ = {isa = PBXFileReference; explicitFileType = wrapper.cfbundle; includeInIndex = 0; path = ObjCDevelopmentTests.xctest; sourceTree = BUILT_PRODUCTS_DIR; };
		7DA68F4F1C196D610007003E /* ObjCDevelopmentTests.m */ = {isa = PBXFileReference; lastKnownFileType = sourcecode.c.objc; path = ObjCDevelopmentTests.m; sourceTree = "<group>"; };
		7DA68F511C196D610007003E /* Info.plist */ = {isa = PBXFileReference; lastKnownFileType = text.plist.xml; path = Info.plist; sourceTree = "<group>"; };
		7DA68F561C196D610007003E /* ObjCDevelopmentUITests.xctest */ = {isa = PBXFileReference; explicitFileType = wrapper.cfbundle; includeInIndex = 0; path = ObjCDevelopmentUITests.xctest; sourceTree = BUILT_PRODUCTS_DIR; };
		7DA68F5A1C196D610007003E /* ObjCDevelopmentUITests.m */ = {isa = PBXFileReference; lastKnownFileType = sourcecode.c.objc; path = ObjCDevelopmentUITests.m; sourceTree = "<group>"; };
		7DA68F5C1C196D610007003E /* Info.plist */ = {isa = PBXFileReference; lastKnownFileType = text.plist.xml; path = Info.plist; sourceTree = "<group>"; };
/* End PBXFileReference section */

/* Begin PBXFrameworksBuildPhase section */
		7DA68F2F1C196D610007003E /* Frameworks */ = {
			isa = PBXFrameworksBuildPhase;
			buildActionMask = 2147483647;
			files = (
			);
			runOnlyForDeploymentPostprocessing = 0;
		};
		7DA68F481C196D610007003E /* Frameworks */ = {
			isa = PBXFrameworksBuildPhase;
			buildActionMask = 2147483647;
			files = (
			);
			runOnlyForDeploymentPostprocessing = 0;
		};
		7DA68F531C196D610007003E /* Frameworks */ = {
			isa = PBXFrameworksBuildPhase;
			buildActionMask = 2147483647;
			files = (
			);
			runOnlyForDeploymentPostprocessing = 0;
		};
/* End PBXFrameworksBuildPhase section */

/* Begin PBXGroup section */
		7DA68F291C196D610007003E = {
			isa = PBXGroup;
			children = (
				7DA68F341C196D610007003E /* ObjCDevelopment */,
				7DA68F4E1C196D610007003E /* ObjCDevelopmentTests */,
				7DA68F591C196D610007003E /* ObjCDevelopmentUITests */,
				7DA68F331C196D610007003E /* Products */,
			);
			sourceTree = "<group>";
		};
		7DA68F331C196D610007003E /* Products */ = {
			isa = PBXGroup;
			children = (
				7DA68F321C196D610007003E /* ObjCDevelopment.app */,
				7DA68F4B1C196D610007003E /* ObjCDevelopmentTests.xctest */,
				7DA68F561C196D610007003E /* ObjCDevelopmentUITests.xctest */,
			);
			name = Products;
			sourceTree = "<group>";
		};
		7DA68F341C196D610007003E /* ObjCDevelopment */ = {
			isa = PBXGroup;
			children = (
				7DA68F381C196D610007003E /* AppDelegate.h */,
				7DA68F391C196D610007003E /* AppDelegate.m */,
				7DA68F3B1C196D610007003E /* ViewController.h */,
				7DA68F3C1C196D610007003E /* ViewController.m */,
				7DA68F3E1C196D610007003E /* Main.storyboard */,
				7DA68F411C196D610007003E /* Assets.xcassets */,
				7DA68F431C196D610007003E /* LaunchScreen.storyboard */,
				7DA68F461C196D610007003E /* Info.plist */,
				7DA68F351C196D610007003E /* Supporting Files */,
			);
			path = ObjCDevelopment;
			sourceTree = "<group>";
		};
		7DA68F351C196D610007003E /* Supporting Files */ = {
			isa = PBXGroup;
			children = (
				7DA68F361C196D610007003E /* main.m */,
			);
			name = "Supporting Files";
			sourceTree = "<group>";
		};
		7DA68F4E1C196D610007003E /* ObjCDevelopmentTests */ = {
			isa = PBXGroup;
			children = (
				7DA68F4F1C196D610007003E /* ObjCDevelopmentTests.m */,
				7DA68F511C196D610007003E /* Info.plist */,
			);
			path = ObjCDevelopmentTests;
			sourceTree = "<group>";
		};
		7DA68F591C196D610007003E /* ObjCDevelopmentUITests */ = {
			isa = PBXGroup;
			children = (
				7DA68F5A1C196D610007003E /* ObjCDevelopmentUITests.m */,
				7DA68F5C1C196D610007003E /* Info.plist */,
			);
			path = ObjCDevelopmentUITests;
			sourceTree = "<group>";
		};
/* End PBXGroup section */

/* Begin PBXNativeTarget section */
		7DA68F311C196D610007003E /* ObjCDevelopment */ = {
			isa = PBXNativeTarget;
			buildConfigurationList = 7DA68F5F1C196D610007003E /* Build configuration list for PBXNativeTarget "ObjCDevelopment" */;
			buildPhases = (
				7DA68F2E1C196D610007003E /* Sources */,
				7DA68F2F1C196D610007003E /* Frameworks */,
				7DA68F301C196D610007003E /* Resources */,
			);
			buildRules = (
			);
			dependencies = (
			);
			name = ObjCDevelopment;
			productName = ObjCDevelopment;
			productReference = 7DA68F321C196D610007003E /* ObjCDevelopment.app */;
			productType = "com.apple.product-type.application";
		};
		7DA68F4A1C196D610007003E /* ObjCDevelopmentTests */ = {
			isa = PBXNativeTarget;
			buildConfigurationList = 7DA68F621C196D610007003E /* Build configuration list for PBXNativeTarget "ObjCDevelopmentTests" */;
			buildPhases = (
				7DA68F471C196D610007003E /* Sources */,
				7DA68F481C196D610007003E /* Frameworks */,
				7DA68F491C196D610007003E /* Resources */,
			);
			buildRules = (
			);
			dependencies = (
				7DA68F4D1C196D610007003E /* PBXTargetDependency */,
			);
			name = ObjCDevelopmentTests;
			productName = ObjCDevelopmentTests;
			productReference = 7DA68F4B1C196D610007003E /* ObjCDevelopmentTests.xctest */;
			productType = "com.apple.product-type.bundle.unit-test";
		};
		7DA68F551C196D610007003E /* ObjCDevelopmentUITests */ = {
			isa = PBXNativeTarget;
			buildConfigurationList = 7DA68F651C196D610007003E /* Build configuration list for PBXNativeTarget "ObjCDevelopmentUITests" */;
			buildPhases = (
				7DA68F521C196D610007003E /* Sources */,
				7DA68F531C196D610007003E /* Frameworks */,
				7DA68F541C196D610007003E /* Resources */,
			);
			buildRules = (
			);
			dependencies = (
				7DA68F581C196D610007003E /* PBXTargetDependency */,
			);
			name = ObjCDevelopmentUITests;
			productName = ObjCDevelopmentUITests;
			productReference = 7DA68F561C196D610007003E /* ObjCDevelopmentUITests.xctest */;
			productType = "com.apple.product-type.bundle.ui-testing";
		};
/* End PBXNativeTarget section */

/* Begin PBXProject section */
		7DA68F2A1C196D610007003E /* Project object */ = {
			isa = PBXProject;
			attributes = {
				LastUpgradeCheck = 0710;
				ORGANIZATIONNAME = "Thwin Htoo Aung";
				TargetAttributes = {
					7DA68F311C196D610007003E = {
						CreatedOnToolsVersion = 7.1;
					};
					7DA68F4A1C196D610007003E = {
						CreatedOnToolsVersion = 7.1;
						DevelopmentTeam = WXE55A32E5;
						TestTargetID = 7DA68F311C196D610007003E;
					};
					7DA68F551C196D610007003E = {
						CreatedOnToolsVersion = 7.1;
						DevelopmentTeam = WXE55A32E5;
						TestTargetID = 7DA68F311C196D610007003E;
					};
				};
			};
			buildConfigurationList = 7DA68F2D1C196D610007003E /* Build configuration list for PBXProject "ObjCDevelopment" */;
			compatibilityVersion = "Xcode 3.2";
			developmentRegion = English;
			hasScannedForEncodings = 0;
			knownRegions = (
				en,
				Base,
			);
			mainGroup = 7DA68F291C196D610007003E;
			productRefGroup = 7DA68F331C196D610007003E /* Products */;
			projectDirPath = "";
			projectRoot = "";
			targets = (
				7DA68F311C196D610007003E /* ObjCDevelopment */,
				7DA68F4A1C196D610007003E /* ObjCDevelopmentTests */,
				7DA68F551C196D610007003E /* ObjCDevelopmentUITests */,
			);
		};
/* End PBXProject section */

/* Begin PBXResourcesBuildPhase section */
		7DA68F301C196D610007003E /* Resources */ = {
			isa = PBXResourcesBuildPhase;
			buildActionMask = 2147483647;
			files = (
				7DA68F451C196D610007003E /* LaunchScreen.storyboard in Resources */,
				7DA68F421C196D610007003E /* Assets.xcassets in Resources */,
				7DA68F401C196D610007003E /* Main.storyboard in Resources */,
			);
			runOnlyForDeploymentPostprocessing = 0;
		};
		7DA68F491C196D610007003E /* Resources */ = {
			isa = PBXResourcesBuildPhase;
			buildActionMask = 2147483647;
			files = (
			);
			runOnlyForDeploymentPostprocessing = 0;
		};
		7DA68F541C196D610007003E /* Resources */ = {
			isa = PBXResourcesBuildPhase;
			buildActionMask = 2147483647;
			files = (
			);
			runOnlyForDeploymentPostprocessing = 0;
		};
/* End PBXResourcesBuildPhase section */

/* Begin PBXSourcesBuildPhase section */
		7DA68F2E1C196D610007003E /* Sources */ = {
			isa = PBXSourcesBuildPhase;
			buildActionMask = 2147483647;
			files = (
				7DA68F3D1C196D610007003E /* ViewController.m in Sources */,
				7DA68F3A1C196D610007003E /* AppDelegate.m in Sources */,
				7DA68F371C196D610007003E /* main.m in Sources */,
			);
			runOnlyForDeploymentPostprocessing = 0;
		};
		7DA68F471C196D610007003E /* Sources */ = {
			isa = PBXSourcesBuildPhase;
			buildActionMask = 2147483647;
			files = (
				7DA68F501C196D610007003E /* ObjCDevelopmentTests.m in Sources */,
			);
			runOnlyForDeploymentPostprocessing = 0;
		};
		7DA68F521C196D610007003E /* Sources */ = {
			isa = PBXSourcesBuildPhase;
			buildActionMask = 2147483647;
			files = (
				7DA68F5B1C196D610007003E /* ObjCDevelopmentUITests.m in Sources */,
			);
			runOnlyForDeploymentPostprocessing = 0;
		};
/* End PBXSourcesBuildPhase section */

/* Begin PBXTargetDependency section */
		7DA68F4D1C196D610007003E /* PBXTargetDependency */ = {
			isa = PBXTargetDependency;
			target = 7DA68F311C196D610007003E /* ObjCDevelopment */;
			targetProxy = 7DA68F4C1C196D610007003E /* PBXContainerItemProxy */;
		};
		7DA68F581C196D610007003E /* PBXTargetDependency */ = {
			isa = PBXTargetDependency;
			target = 7DA68F311C196D610007003E /* ObjCDevelopment */;
			targetProxy = 7DA68F571C196D610007003E /* PBXContainerItemProxy */;
		};
/* End PBXTargetDependency section */

/* Begin PBXVariantGroup section */
		7DA68F3E1C196D610007003E /* Main.storyboard */ = {
			isa = PBXVariantGroup;
			children = (
				7DA68F3F1C196D610007003E /* Base */,
			);
			name = Main.storyboard;
			sourceTree = "<group>";
		};
		7DA68F431C196D610007003E /* LaunchScreen.storyboard */ = {
			isa = PBXVariantGroup;
			children = (
				7DA68F441C196D610007003E /* Base */,
			);
			name = LaunchScreen.storyboard;
			sourceTree = "<group>";
		};
/* End PBXVariantGroup section */

/* Begin XCBuildConfiguration section */
		7DA68F5D1C196D610007003E /* Debug */ = {
			isa = XCBuildConfiguration;
			buildSettings = {
				ALWAYS_SEARCH_USER_PATHS = NO;
				CLANG_CXX_LANGUAGE_STANDARD = "gnu++0x";
				CLANG_CXX_LIBRARY = "libc++";
				CLANG_ENABLE_MODULES = YES;
				CLANG_ENABLE_OBJC_ARC = YES;
				CLANG_WARN_BOOL_CONVERSION = YES;
				CLANG_WARN_CONSTANT_CONVERSION = YES;
				CLANG_WARN_DIRECT_OBJC_ISA_USAGE = YES_ERROR;
				CLANG_WARN_EMPTY_BODY = YES;
				CLANG_WARN_ENUM_CONVERSION = YES;
				CLANG_WARN_INT_CONVERSION = YES;
				CLANG_WARN_OBJC_ROOT_CLASS = YES_ERROR;
				CLANG_WARN_UNREACHABLE_CODE = YES;
				CLANG_WARN__DUPLICATE_METHOD_MATCH = YES;
				"CODE_SIGN_IDENTITY[sdk=iphoneos*]" = "iPhone Developer";
				COPY_PHASE_STRIP = NO;
				DEBUG_INFORMATION_FORMAT = dwarf;
				ENABLE_STRICT_OBJC_MSGSEND = YES;
				ENABLE_TESTABILITY = YES;
				GCC_C_LANGUAGE_STANDARD = gnu99;
				GCC_DYNAMIC_NO_PIC = NO;
				GCC_NO_COMMON_BLOCKS = YES;
				GCC_OPTIMIZATION_LEVEL = 0;
				GCC_PREPROCESSOR_DEFINITIONS = (
					"DEBUG=1",
					"$(inherited)",
				);
				GCC_WARN_64_TO_32_BIT_CONVERSION = YES;
				GCC_WARN_ABOUT_RETURN_TYPE = YES_ERROR;
				GCC_WARN_UNDECLARED_SELECTOR = YES;
				GCC_WARN_UNINITIALIZED_AUTOS = YES_AGGRESSIVE;
				GCC_WARN_UNUSED_FUNCTION = YES;
				GCC_WARN_UNUSED_VARIABLE = YES;
				IPHONEOS_DEPLOYMENT_TARGET = 9.1;
				MTL_ENABLE_DEBUG_INFO = YES;
				ONLY_ACTIVE_ARCH = YES;
				SDKROOT = iphoneos;
				TARGETED_DEVICE_FAMILY = "1,2";
			};
			name = Debug;
		};
		7DA68F5E1C196D610007003E /* Release */ = {
			isa = XCBuildConfiguration;
			buildSettings = {
				ALWAYS_SEARCH_USER_PATHS = NO;
				CLANG_CXX_LANGUAGE_STANDARD = "gnu++0x";
				CLANG_CXX_LIBRARY = "libc++";
				CLANG_ENABLE_MODULES = YES;
				CLANG_ENABLE_OBJC_ARC = YES;
				CLANG_WARN_BOOL_CONVERSION = YES;
				CLANG_WARN_CONSTANT_CONVERSION = YES;
				CLANG_WARN_DIRECT_OBJC_ISA_USAGE = YES_ERROR;
				CLANG_WARN_EMPTY_BODY = YES;
				CLANG_WARN_ENUM_CONVERSION = YES;
				CLANG_WARN_INT_CONVERSION = YES;
				CLANG_WARN_OBJC_ROOT_CLASS = YES_ERROR;
				CLANG_WARN_UNREACHABLE_CODE = YES;
				CLANG_WARN__DUPLICATE_METHOD_MATCH = YES;
				"CODE_SIGN_IDENTITY[sdk=iphoneos*]" = "iPhone Developer";
				COPY_PHASE_STRIP = NO;
				DEBUG_INFORMATION_FORMAT = "dwarf-with-dsym";
				ENABLE_NS_ASSERTIONS = NO;
				ENABLE_STRICT_OBJC_MSGSEND = YES;
				GCC_C_LANGUAGE_STANDARD = gnu99;
				GCC_NO_COMMON_BLOCKS = YES;
				GCC_WARN_64_TO_32_BIT_CONVERSION = YES;
				GCC_WARN_ABOUT_RETURN_TYPE = YES_ERROR;
				GCC_WARN_UNDECLARED_SELECTOR = YES;
				GCC_WARN_UNINITIALIZED_AUTOS = YES_AGGRESSIVE;
				GCC_WARN_UNUSED_FUNCTION = YES;
				GCC_WARN_UNUSED_VARIABLE = YES;
				IPHONEOS_DEPLOYMENT_TARGET = 9.1;
				MTL_ENABLE_DEBUG_INFO = NO;
				SDKROOT = iphoneos;
				TARGETED_DEVICE_FAMILY = "1,2";
				VALIDATE_PRODUCT = YES;
			};
			name = Release;
		};
		7DA68F601C196D610007003E /* Debug */ = {
			isa = XCBuildConfiguration;
			buildSettings = {
				ASSETCATALOG_COMPILER_APPICON_NAME = AppIcon;
				CODE_SIGN_IDENTITY = "iPhone Developer";
				INFOPLIST_FILE = ObjCDevelopment/Info.plist;
				LD_RUNPATH_SEARCH_PATHS = "$(inherited) @executable_path/Frameworks";
				PRODUCT_BUNDLE_IDENTIFIER = "com.thwinha123-gmail.ObjCDevelopment";
				PRODUCT_NAME = "$(TARGET_NAME)";
			};
			name = Debug;
		};
		7DA68F611C196D610007003E /* Release */ = {
			isa = XCBuildConfiguration;
			buildSettings = {
				ASSETCATALOG_COMPILER_APPICON_NAME = AppIcon;
				CODE_SIGN_IDENTITY = "iPhone Developer";
				INFOPLIST_FILE = ObjCDevelopment/Info.plist;
				LD_RUNPATH_SEARCH_PATHS = "$(inherited) @executable_path/Frameworks";
				PRODUCT_BUNDLE_IDENTIFIER = "com.thwinha123-gmail.ObjCDevelopment";
				PRODUCT_NAME = "$(TARGET_NAME)";
			};
			name = Release;
		};
		7DA68F631C196D610007003E /* Debug */ = {
			isa = XCBuildConfiguration;
			buildSettings = {
				BUNDLE_LOADER = "$(TEST_HOST)";
				INFOPLIST_FILE = ObjCDevelopmentTests/Info.plist;
				LD_RUNPATH_SEARCH_PATHS = "$(inherited) @executable_path/Frameworks @loader_path/Frameworks";
				PRODUCT_BUNDLE_IDENTIFIER = "com.thwinha123-gmail.ObjCDevelopmentTests";
				PRODUCT_NAME = "$(TARGET_NAME)";
				TEST_HOST = "$(BUILT_PRODUCTS_DIR)/ObjCDevelopment.app/ObjCDevelopment";
			};
			name = Debug;
		};
		7DA68F641C196D610007003E /* Release */ = {
			isa = XCBuildConfiguration;
			buildSettings = {
				BUNDLE_LOADER = "$(TEST_HOST)";
				INFOPLIST_FILE = ObjCDevelopmentTests/Info.plist;
				LD_RUNPATH_SEARCH_PATHS = "$(inherited) @executable_path/Frameworks @loader_path/Frameworks";
				PRODUCT_BUNDLE_IDENTIFIER = "com.thwinha123-gmail.ObjCDevelopmentTests";
				PRODUCT_NAME = "$(TARGET_NAME)";
				TEST_HOST = "$(BUILT_PRODUCTS_DIR)/ObjCDevelopment.app/ObjCDevelopment";
			};
			name = Release;
		};
		7DA68F661C196D610007003E /* Debug */ = {
			isa = XCBuildConfiguration;
			buildSettings = {
				INFOPLIST_FILE = ObjCDevelopmentUITests/Info.plist;
				LD_RUNPATH_SEARCH_PATHS = "$(inherited) @executable_path/Frameworks @loader_path/Frameworks";
				PRODUCT_BUNDLE_IDENTIFIER = "com.thwinha123-gmail.ObjCDevelopmentUITests";
				PRODUCT_NAME = "$(TARGET_NAME)";
				TEST_TARGET_NAME = ObjCDevelopment;
				USES_XCTRUNNER = YES;
			};
			name = Debug;
		};
		7DA68F671C196D610007003E /* Release */ = {
			isa = XCBuildConfiguration;
			buildSettings = {
				INFOPLIST_FILE = ObjCDevelopmentUITests/Info.plist;
				LD_RUNPATH_SEARCH_PATHS = "$(inherited) @executable_path/Frameworks @loader_path/Frameworks";
				PRODUCT_BUNDLE_IDENTIFIER = "com.thwinha123-gmail.ObjCDevelopmentUITests";
				PRODUCT_NAME = "$(TARGET_NAME)";
				TEST_TARGET_NAME = ObjCDevelopment;
				USES_XCTRUNNER = YES;
			};
			name = Release;
		};
/* End XCBuildConfiguration section */

/* Begin XCConfigurationList section */
		7DA68F2D1C196D610007003E /* Build configuration list for PBXProject "ObjCDevelopment" */ = {
			isa = XCConfigurationList;
			buildConfigurations = (
				7DA68F5D1C196D610007003E /* Debug */,
				7DA68F5E1C196D610007003E /* Release */,
			);
			defaultConfigurationIsVisible = 0;
			defaultConfigurationName = Release;
		};
		7DA68F5F1C196D610007003E /* Build configuration list for PBXNativeTarget "ObjCDevelopment" */ = {
			isa = XCConfigurationList;
			buildConfigurations = (
				7DA68F601C196D610007003E /* Debug */,
				7DA68F611C196D610007003E /* Release */,
			);
			defaultConfigurationIsVisible = 0;
			defaultConfigurationName = Release;
		};
		7DA68F621C196D610007003E /* Build configuration list for PBXNativeTarget "ObjCDevelopmentTests" */ = {
			isa = XCConfigurationList;
			buildConfigurations = (
				7DA68F631C196D610007003E /* Debug */,
				7DA68F641C196D610007003E /* Release */,
			);
			defaultConfigurationIsVisible = 0;
			defaultConfigurationName = Release;
		};
		7DA68F651C196D610007003E /* Build configuration list for PBXNativeTarget "ObjCDevelopmentUITests" */ = {
			isa = XCConfigurationList;
			buildConfigurations = (
				7DA68F661C196D610007003E /* Debug */,
				7DA68F671C196D610007003E /* Release */,
			);
			defaultConfigurationIsVisible = 0;
			defaultConfigurationName = Release;
		};
/* End XCConfigurationList section */
	};
	rootObject = 7DA68F2A1C196D610007003E /* Project object */;
}
